<?xml version="1.0" encoding="utf-8"?>
<Project ToolsVersion="4.0" xmlns="http://schemas.microsoft.com/developer/msbuild/2003">
  <ItemGroup>
    <Filter Include="Resource Files">
      <UniqueIdentifier>{67DA6AB6-F800-4c08-8B7A-83BB121AAD01}</UniqueIdentifier>
      <Extensions>rc;ico;cur;bmp;dlg;rc2;rct;bin;rgs;gif;jpg;jpeg;jpe;resx;tiff;tif;png;wav;mfcribbon-ms</Extensions>
    </Filter>
    <Filter Include="headers">
      <UniqueIdentifier>{937c6a35-6905-44e0-9336-523b4ec10de8}</UniqueIdentifier>
    </Filter>
    <Filter Include="sources">
      <UniqueIdentifier>{fe7ad506-465a-4e07-9042-fef5b2b4fe30}</UniqueIdentifier>
    </Filter>
    <Filter Include="headers\TCollisionSystem">
      <UniqueIdentifier>{e671e1ea-a27b-4515-893e-e3813aab9374}</UniqueIdentifier>
    </Filter>
    <Filter Include="headers\TRenderSystem">
      <UniqueIdentifier>{ded40cb6-a255-4480-9d86-2a91f0dd4758}</UniqueIdentifier>
    </Filter>
    <Filter Include="sources\TRenderSystem">
      <UniqueIdentifier>{b059eac5-c350-4555-823a-d2d1309e3214}</UniqueIdentifier>
    </Filter>
    <Filter Include="sources\TCollisionSystem">
      <UniqueIdentifier>{605a6eda-a72b-4caf-8e4e-a57bbaefa74f}</UniqueIdentifier>
    </Filter>
    <Filter Include="headers\TInputSystem">
      <UniqueIdentifier>{9c47eaaf-da59-4e36-9fd7-30883531e589}</UniqueIdentifier>
    </Filter>
    <Filter Include="sources\TInputSystem">
      <UniqueIdentifier>{c8549abe-6fc9-460d-977a-b1a03a473fc2}</UniqueIdentifier>
    </Filter>
    <Filter Include="headers\TAudioSystem">
      <UniqueIdentifier>{6fc70a28-cdda-4ac5-86a0-701f200eb2b3}</UniqueIdentifier>
    </Filter>
    <Filter Include="sources\TAudioSystem">
      <UniqueIdentifier>{15f9db30-ba85-4733-9b6f-21037d2831ba}</UniqueIdentifier>
    </Filter>
    <Filter Include="headers\TPrimitives">
      <UniqueIdentifier>{cb5581e7-ec05-4ead-a8f1-4990a02c87a5}</UniqueIdentifier>
    </Filter>
    <Filter Include="headers\TBase">
      <UniqueIdentifier>{448b313a-d820-4ca2-8d92-a239d1f6e3db}</UniqueIdentifier>
    </Filter>
    <Filter Include="sources\TBase">
      <UniqueIdentifier>{dc8ff53e-2d50-4236-a87a-17fb0a276f69}</UniqueIdentifier>
    </Filter>
    <Filter Include="sources\TPrimitives">
      <UniqueIdentifier>{81b59592-8306-4248-b856-735d407d60b9}</UniqueIdentifier>
    </Filter>
    <Filter Include="headers\TMessageSystem">
      <UniqueIdentifier>{dcbf7255-9e84-4b2c-9a60-9b37eff37052}</UniqueIdentifier>
    </Filter>
    <Filter Include="headers\TTransformSystem">
      <UniqueIdentifier>{f82ff011-8739-480c-8314-76eb49f89ad3}</UniqueIdentifier>
    </Filter>
    <Filter Include="sources\TTransformSystem">
      <UniqueIdentifier>{0b524858-65e9-4b8e-ad9f-6f486293f73e}</UniqueIdentifier>
    </Filter>
    <Filter Include="headers\TScriptSystem">
      <UniqueIdentifier>{eeff5209-9f77-47e1-b437-46a1a9f7ef36}</UniqueIdentifier>
    </Filter>
    <Filter Include="sources\TScriptSystem">
      <UniqueIdentifier>{cd331d47-4b4a-4956-917a-25c6c8469e00}</UniqueIdentifier>
    </Filter>
  </ItemGroup>
  <ItemGroup>
    <ClInclude Include="..\..\code\headers\TCollider.hpp">
      <Filter>headers\TCollisionSystem</Filter>
    </ClInclude>
    <ClInclude Include="..\..\code\headers\TCollisionsTask.hpp">
      <Filter>headers\TCollisionSystem</Filter>
    </ClInclude>
    <ClInclude Include="..\..\code\headers\TCameraComponent.hpp">
      <Filter>headers\TRenderSystem</Filter>
    </ClInclude>
    <ClInclude Include="..\..\code\headers\TLightComponent.hpp">
      <Filter>headers\TRenderSystem</Filter>
    </ClInclude>
    <ClInclude Include="..\..\code\headers\TRenderComponent.hpp">
      <Filter>headers\TRenderSystem</Filter>
    </ClInclude>
    <ClInclude Include="..\..\code\headers\TRenderTask.hpp">
      <Filter>headers\TRenderSystem</Filter>
    </ClInclude>
    <ClInclude Include="..\..\code\headers\TKeyboardInput.h">
      <Filter>headers\TInputSystem</Filter>
    </ClInclude>
    <ClInclude Include="..\..\code\headers\TInputTask.hpp">
      <Filter>headers\TInputSystem</Filter>
    </ClInclude>
    <ClInclude Include="..\..\code\headers\TAudio.hpp">
      <Filter>headers\TAudioSystem</Filter>
    </ClInclude>
    <ClInclude Include="..\..\code\headers\TSound.hpp">
      <Filter>headers\TAudioSystem</Filter>
    </ClInclude>
    <ClInclude Include="..\..\code\headers\declarations.hpp">
      <Filter>headers\TBase</Filter>
    </ClInclude>
    <ClInclude Include="..\..\code\headers\initialize.hpp">
      <Filter>headers\TBase</Filter>
    </ClInclude>
    <ClInclude Include="..\..\code\headers\TComponent.hpp">
      <Filter>headers\TPrimitives</Filter>
    </ClInclude>
    <ClInclude Include="..\..\code\headers\TEntity.hpp">
      <Filter>headers\TPrimitives</Filter>
    </ClInclude>
    <ClInclude Include="..\..\code\headers\TKernel.hpp">
      <Filter>headers\TPrimitives</Filter>
    </ClInclude>
    <ClInclude Include="..\..\code\headers\TMemoryPool.hpp">
      <Filter>headers\TBase</Filter>
    </ClInclude>
    <ClInclude Include="..\..\code\headers\TObjectPool.hpp">
      <Filter>headers\TBase</Filter>
    </ClInclude>
    <ClInclude Include="..\..\code\headers\TSphereCollider.hpp">
      <Filter>headers\TCollisionSystem</Filter>
    </ClInclude>
    <ClInclude Include="..\..\code\headers\TTimer.hpp">
      <Filter>headers\TPrimitives</Filter>
    </ClInclude>
    <ClInclude Include="..\..\code\headers\TTask.hpp">
      <Filter>headers\TPrimitives</Filter>
    </ClInclude>
    <ClInclude Include="..\..\code\headers\TScene.hpp">
      <Filter>headers\TPrimitives</Filter>
    </ClInclude>
    <ClInclude Include="..\..\code\headers\TVariant.hpp">
      <Filter>headers\TBase</Filter>
    </ClInclude>
    <ClInclude Include="..\..\code\headers\TWindow.hpp">
      <Filter>headers\TPrimitives</Filter>
    </ClInclude>
    <ClInclude Include="..\..\code\headers\TDispatcher.hpp">
      <Filter>headers\TMessageSystem</Filter>
    </ClInclude>
    <ClInclude Include="..\..\code\headers\TMessage.hpp">
      <Filter>headers\TMessageSystem</Filter>
    </ClInclude>
    <ClInclude Include="..\..\code\headers\TObserver.hpp">
      <Filter>headers\TMessageSystem</Filter>
    </ClInclude>
    <ClInclude Include="..\..\code\headers\TTransformComponent.hpp">
      <Filter>headers\TTransformSystem</Filter>
    </ClInclude>
    <ClInclude Include="..\..\code\headers\TScriptComponent.hpp">
      <Filter>headers\TScriptSystem</Filter>
    </ClInclude>
    <ClInclude Include="..\..\code\headers\TScriptTask.hpp">
      <Filter>headers\TScriptSystem</Filter>
    </ClInclude>
    <ClInclude Include="..\..\code\headers\TEvent.hpp">
      <Filter>headers\TBase</Filter>
    </ClInclude>
    <ClInclude Include="..\..\code\headers\TUpdateComponent.hpp">
      <Filter>headers\TScriptSystem</Filter>
    </ClInclude>
    <ClInclude Include="..\..\code\headers\TInputMapperTask.hpp">
      <Filter>headers\TInputSystem</Filter>
    </ClInclude>
  </ItemGroup>
  <ItemGroup>
    <ClCompile Include="..\..\code\sources\TCameraComponent.cpp">
      <Filter>sources\TRenderSystem</Filter>
    </ClCompile>
    <ClCompile Include="..\..\code\sources\TLightComponent.cpp">
      <Filter>sources\TRenderSystem</Filter>
    </ClCompile>
    <ClCompile Include="..\..\code\sources\TRenderComponent.cpp">
      <Filter>sources\TRenderSystem</Filter>
    </ClCompile>
    <ClCompile Include="..\..\code\sources\TRenderTask.cpp">
      <Filter>sources\TRenderSystem</Filter>
    </ClCompile>
    <ClCompile Include="..\..\code\sources\TCollider.cpp">
      <Filter>sources\TCollisionSystem</Filter>
    </ClCompile>
    <ClCompile Include="..\..\code\sources\TCollisionsTask.cpp">
      <Filter>sources\TCollisionSystem</Filter>
    </ClCompile>
    <ClCompile Include="..\..\code\sources\TInputTask.cpp">
      <Filter>sources\TInputSystem</Filter>
    </ClCompile>
    <ClCompile Include="..\..\code\sources\TKeyboardInput.cpp">
      <Filter>sources\TInputSystem</Filter>
    </ClCompile>
    <ClCompile Include="..\..\code\sources\TAudio.cpp">
      <Filter>sources\TAudioSystem</Filter>
    </ClCompile>
    <ClCompile Include="..\..\code\sources\TSound.cpp">
      <Filter>sources\TAudioSystem</Filter>
    </ClCompile>
    <ClCompile Include="..\..\code\sources\initialize.cpp">
      <Filter>sources\TBase</Filter>
    </ClCompile>
    <ClCompile Include="..\..\code\sources\winmain.cpp">
      <Filter>sources\TBase</Filter>
    </ClCompile>
    <ClCompile Include="..\..\code\sources\TScene.cpp">
      <Filter>sources\TPrimitives</Filter>
    </ClCompile>
    <ClCompile Include="..\..\code\sources\TTimer.cpp">
      <Filter>sources\TPrimitives</Filter>
    </ClCompile>
    <ClCompile Include="..\..\code\sources\TWindow.cpp">
      <Filter>sources\TPrimitives</Filter>
    </ClCompile>
    <ClCompile Include="..\..\code\sources\TTransformComponent.cpp">
      <Filter>sources\TTransformSystem</Filter>
    </ClCompile>
    <ClCompile Include="..\..\code\sources\TSphereCollider.cpp">
      <Filter>sources\TCollisionSystem</Filter>
    </ClCompile>
    <ClCompile Include="..\..\code\sources\TUpdateComponent.cpp">
      <Filter>sources\TScriptSystem</Filter>
    </ClCompile>
    <ClCompile Include="..\..\code\sources\TComponent.cpp">
      <Filter>sources\TPrimitives</Filter>
    </ClCompile>
    <ClCompile Include="..\..\code\sources\TInputMapperTask.cpp">
      <Filter>sources\TInputSystem</Filter>
    </ClCompile>
  </ItemGroup>
</Project>