
Microsoft Visual Studio Solution File, Format Version 12.00
# Visual Studio 15
VisualStudioVersion = 15.0.28307.271
MinimumVisualStudioVersion = 10.0.40219.1
Project("{8BC9CEB8-8B4A-11D0-8D11-00A0C91BC942}") = "Engine", "Engine.vcxproj", "{7F6272AC-AD7F-4106-B0E5-6D48DC658183}"
EndProject
Global
	GlobalSection(SolutionConfigurationPlatforms) = preSolution
		Debug|x64 = Debug|x64
		Release|x64 = Release|x64
	EndGlobalSection
	GlobalSection(ProjectConfigurationPlatforms) = postSolution
		{7F6272AC-AD7F-4106-B0E5-6D48DC658183}.Debug|x64.ActiveCfg = Debug|x64
		{7F6272AC-AD7F-4106-B0E5-6D48DC658183}.Debug|x64.Build.0 = Debug|x64
		{7F6272AC-AD7F-4106-B0E5-6D48DC658183}.Release|x64.ActiveCfg = Release|x64
		{7F6272AC-AD7F-4106-B0E5-6D48DC658183}.Release|x64.Build.0 = Release|x64
	EndGlobalSection
	GlobalSection(SolutionProperties) = preSolution
		HideSolutionNode = FALSE
	EndGlobalSection
	GlobalSection(ExtensibilityGlobals) = postSolution
		SolutionGuid = {43E1BAF0-5959-4B20-BD87-3A22DACC6E69}
	EndGlobalSection
EndGlobal
