<?xml version="1.0" encoding="utf-8"?>
<Project ToolsVersion="4.0" xmlns="http://schemas.microsoft.com/developer/msbuild/2003">
  <ItemGroup>
    <Filter Include="Resource Files">
      <UniqueIdentifier>{67DA6AB6-F800-4c08-8B7A-83BB121AAD01}</UniqueIdentifier>
      <Extensions>rc;ico;cur;bmp;dlg;rc2;rct;bin;rgs;gif;jpg;jpeg;jpe;resx;tiff;tif;png;wav;mfcribbon-ms</Extensions>
    </Filter>
    <Filter Include="headers">
      <UniqueIdentifier>{937c6a35-6905-44e0-9336-523b4ec10de8}</UniqueIdentifier>
    </Filter>
    <Filter Include="sources">
      <UniqueIdentifier>{fe7ad506-465a-4e07-9042-fef5b2b4fe30}</UniqueIdentifier>
    </Filter>
  </ItemGroup>
  <ItemGroup>
    <ClInclude Include="..\..\code\headers\declarations.hpp">
      <Filter>headers</Filter>
    </ClInclude>
    <ClInclude Include="..\..\code\headers\initialize.hpp">
      <Filter>headers</Filter>
    </ClInclude>
    <ClInclude Include="..\..\code\headers\TAudio.hpp">
      <Filter>headers</Filter>
    </ClInclude>
    <ClInclude Include="..\..\code\headers\TCollider.hpp">
      <Filter>headers</Filter>
    </ClInclude>
    <ClInclude Include="..\..\code\headers\TCollisionsTask.hpp">
      <Filter>headers</Filter>
    </ClInclude>
    <ClInclude Include="..\..\code\headers\TComponent.hpp">
      <Filter>headers</Filter>
    </ClInclude>
    <ClInclude Include="..\..\code\headers\TDispatcher.hpp">
      <Filter>headers</Filter>
    </ClInclude>
    <ClInclude Include="..\..\code\headers\TEntity.hpp">
      <Filter>headers</Filter>
    </ClInclude>
    <ClInclude Include="..\..\code\headers\TInputTask.hpp">
      <Filter>headers</Filter>
    </ClInclude>
    <ClInclude Include="..\..\code\headers\TKernel.hpp">
      <Filter>headers</Filter>
    </ClInclude>
    <ClInclude Include="..\..\code\headers\TKeyboardInput.h">
      <Filter>headers</Filter>
    </ClInclude>
    <ClInclude Include="..\..\code\headers\TMemoryPool.hpp">
      <Filter>headers</Filter>
    </ClInclude>
    <ClInclude Include="..\..\code\headers\TMessage.hpp">
      <Filter>headers</Filter>
    </ClInclude>
    <ClInclude Include="..\..\code\headers\TObjectPool.hpp">
      <Filter>headers</Filter>
    </ClInclude>
    <ClInclude Include="..\..\code\headers\TObserver.hpp">
      <Filter>headers</Filter>
    </ClInclude>
    <ClInclude Include="..\..\code\headers\TRenderTask.hpp">
      <Filter>headers</Filter>
    </ClInclude>
    <ClInclude Include="..\..\code\headers\TScene.hpp">
      <Filter>headers</Filter>
    </ClInclude>
    <ClInclude Include="..\..\code\headers\TSound.hpp">
      <Filter>headers</Filter>
    </ClInclude>
    <ClInclude Include="..\..\code\headers\TSphereCollider.hpp">
      <Filter>headers</Filter>
    </ClInclude>
    <ClInclude Include="..\..\code\headers\TTask.hpp">
      <Filter>headers</Filter>
    </ClInclude>
    <ClInclude Include="..\..\code\headers\TTimer.hpp">
      <Filter>headers</Filter>
    </ClInclude>
    <ClInclude Include="..\..\code\headers\TTransformComponent.hpp">
      <Filter>headers</Filter>
    </ClInclude>
    <ClInclude Include="..\..\code\headers\TVariant.hpp">
      <Filter>headers</Filter>
    </ClInclude>
    <ClInclude Include="..\..\code\headers\TWindow.hpp">
      <Filter>headers</Filter>
    </ClInclude>
    <ClInclude Include="..\..\code\headers\TRenderComponent.hpp">
      <Filter>headers</Filter>
    </ClInclude>
    <ClInclude Include="..\..\code\headers\TCameraComponent.hpp">
      <Filter>headers</Filter>
    </ClInclude>
  </ItemGroup>
  <ItemGroup>
    <ClCompile Include="..\..\code\sources\initialize.cpp">
      <Filter>sources</Filter>
    </ClCompile>
    <ClCompile Include="..\..\code\sources\TAudio.cpp">
      <Filter>sources</Filter>
    </ClCompile>
    <ClCompile Include="..\..\code\sources\TCollider.cpp">
      <Filter>sources</Filter>
    </ClCompile>
    <ClCompile Include="..\..\code\sources\TCollisionsTask.cpp">
      <Filter>sources</Filter>
    </ClCompile>
    <ClCompile Include="..\..\code\sources\TInputTask.cpp">
      <Filter>sources</Filter>
    </ClCompile>
    <ClCompile Include="..\..\code\sources\TKeyboardInput.cpp">
      <Filter>sources</Filter>
    </ClCompile>
    <ClCompile Include="..\..\code\sources\TRenderTask.cpp">
      <Filter>sources</Filter>
    </ClCompile>
    <ClCompile Include="..\..\code\sources\TScene.cpp">
      <Filter>sources</Filter>
    </ClCompile>
    <ClCompile Include="..\..\code\sources\TSound.cpp">
      <Filter>sources</Filter>
    </ClCompile>
    <ClCompile Include="..\..\code\sources\TTimer.cpp">
      <Filter>sources</Filter>
    </ClCompile>
    <ClCompile Include="..\..\code\sources\TTransformComponent.cpp">
      <Filter>sources</Filter>
    </ClCompile>
    <ClCompile Include="..\..\code\sources\TWindow.cpp">
      <Filter>sources</Filter>
    </ClCompile>
    <ClCompile Include="..\..\code\sources\winmain.cpp">
      <Filter>sources</Filter>
    </ClCompile>
    <ClCompile Include="..\..\code\sources\TRenderComponent.cpp">
      <Filter>sources</Filter>
    </ClCompile>
    <ClCompile Include="..\..\code\sources\TCameraComponent.cpp">
      <Filter>sources</Filter>
    </ClCompile>
  </ItemGroup>
</Project>